PODS:
  - CocoaLumberjack (3.4.2):
    - CocoaLumberjack/Default (= 3.4.2)
    - CocoaLumberjack/Extensions (= 3.4.2)
  - CocoaLumberjack/Default (3.4.2)
  - CocoaLumberjack/Extensions (3.4.2):
    - CocoaLumberjack/Default
  - SixgillSDK (1.2.16):
    - CocoaLumberjack
  - Toast-Swift (4.0.0)

DEPENDENCIES:
  - SixgillSDK (~> 1.2.16)
  - Toast-Swift (~> 4.0.0)

SPEC REPOS:
  https://github.com/cocoapods/specs.git:
    - CocoaLumberjack
    - Toast-Swift
  https://github.com/sixgill/SixgillPodSpecs.git:
    - SixgillSDK

SPEC CHECKSUMS:
  CocoaLumberjack: db7cc9e464771f12054c22ff6947c5a58d43a0fd
  SixgillSDK: 4b75b2d4aa53e254b2c86d119ea15ffa0322a9ab
  Toast-Swift: 594b5c5e5129f15438e410207e43287f027b3c00

PODFILE CHECKSUM: 92556066a62998e33f2e8bb84ed7332cd3b5fdd0

COCOAPODS: 1.5.3
